
Microsoft Visual Studio Solution File, Format Version 12.00
# Visual Studio Version 17
VisualStudioVersion = 17.3.32901.215
MinimumVisualStudioVersion = 10.0.40219.1
Project("{FAE04EC0-301F-11D3-BF4B-00C04F79EFBC}") = "IDE", "IDE.csproj", "{D99E21DD-8D54-43EA-A162-D95A191832D5}"
EndProject
Project("{2150E333-8FDC-42A3-9474-1A3956D46DE8}") = "Solution Items", "Solution Items", "{84FCC52E-BFCE-4EA0-A857-8A945A43950D}"
	ProjectSection(SolutionItems) = preProject
		.editorconfig = .editorconfig
	EndProjectSection
EndProject
Project("{54435603-DBB4-11D2-8724-00A0C9A8B90C}") = "IDE_Setup", "..\IDE_Setup\IDE_Setup.vdproj", "{5B2F98B2-384D-4E46-83D2-BDFAAB1CDBC6}"
EndProject
Project("{FAE04EC0-301F-11D3-BF4B-00C04F79EFBC}") = "IDE_Test", "..\IDE_Test\IDE_Test.csproj", "{460FB965-4F47-406B-8335-2A5FA5264CBB}"
EndProject
Project("{FAE04EC0-301F-11D3-BF4B-00C04F79EFBC}") = "REAddonControl", "..\REAddonControl\REAddonControl.csproj", "{18A96BBA-D38A-42BA-8652-E8EC41D2E168}"
EndProject
Global
	GlobalSection(SolutionConfigurationPlatforms) = preSolution
		Debug|Any CPU = Debug|Any CPU
		Debug|x64 = Debug|x64
		Debug|x86 = Debug|x86
		Release|Any CPU = Release|Any CPU
		Release|x64 = Release|x64
		Release|x86 = Release|x86
	EndGlobalSection
	GlobalSection(ProjectConfigurationPlatforms) = postSolution
		{D99E21DD-8D54-43EA-A162-D95A191832D5}.Debug|Any CPU.ActiveCfg = Debug|Any CPU
		{D99E21DD-8D54-43EA-A162-D95A191832D5}.Debug|x64.ActiveCfg = Debug|Any CPU
		{D99E21DD-8D54-43EA-A162-D95A191832D5}.Debug|x64.Build.0 = Debug|Any CPU
		{D99E21DD-8D54-43EA-A162-D95A191832D5}.Debug|x86.ActiveCfg = Debug|Win32
		{D99E21DD-8D54-43EA-A162-D95A191832D5}.Release|Any CPU.ActiveCfg = Debug|Win32
		{D99E21DD-8D54-43EA-A162-D95A191832D5}.Release|x64.ActiveCfg = Debug|Win32
		{D99E21DD-8D54-43EA-A162-D95A191832D5}.Release|x86.ActiveCfg = Debug|Win32
		{5B2F98B2-384D-4E46-83D2-BDFAAB1CDBC6}.Debug|Any CPU.ActiveCfg = Debug
		{5B2F98B2-384D-4E46-83D2-BDFAAB1CDBC6}.Debug|x64.ActiveCfg = Debug
		{5B2F98B2-384D-4E46-83D2-BDFAAB1CDBC6}.Debug|x86.ActiveCfg = Debug
		{5B2F98B2-384D-4E46-83D2-BDFAAB1CDBC6}.Release|Any CPU.ActiveCfg = Release
		{5B2F98B2-384D-4E46-83D2-BDFAAB1CDBC6}.Release|x64.ActiveCfg = Release
		{5B2F98B2-384D-4E46-83D2-BDFAAB1CDBC6}.Release|x86.ActiveCfg = Release
		{460FB965-4F47-406B-8335-2A5FA5264CBB}.Debug|Any CPU.ActiveCfg = Debug|Any CPU
		{460FB965-4F47-406B-8335-2A5FA5264CBB}.Debug|Any CPU.Build.0 = Debug|Any CPU
		{460FB965-4F47-406B-8335-2A5FA5264CBB}.Debug|x64.ActiveCfg = Debug|x64
		{460FB965-4F47-406B-8335-2A5FA5264CBB}.Debug|x64.Build.0 = Debug|x64
		{460FB965-4F47-406B-8335-2A5FA5264CBB}.Debug|x86.ActiveCfg = Debug|Any CPU
		{460FB965-4F47-406B-8335-2A5FA5264CBB}.Debug|x86.Build.0 = Debug|Any CPU
		{460FB965-4F47-406B-8335-2A5FA5264CBB}.Release|Any CPU.ActiveCfg = Release|Any CPU
		{460FB965-4F47-406B-8335-2A5FA5264CBB}.Release|Any CPU.Build.0 = Release|Any CPU
		{460FB965-4F47-406B-8335-2A5FA5264CBB}.Release|x64.ActiveCfg = Release|Any CPU
		{460FB965-4F47-406B-8335-2A5FA5264CBB}.Release|x64.Build.0 = Release|Any CPU
		{460FB965-4F47-406B-8335-2A5FA5264CBB}.Release|x86.ActiveCfg = Release|Any CPU
		{460FB965-4F47-406B-8335-2A5FA5264CBB}.Release|x86.Build.0 = Release|Any CPU
		{18A96BBA-D38A-42BA-8652-E8EC41D2E168}.Debug|Any CPU.ActiveCfg = Debug|Any CPU
		{18A96BBA-D38A-42BA-8652-E8EC41D2E168}.Debug|Any CPU.Build.0 = Debug|Any CPU
		{18A96BBA-D38A-42BA-8652-E8EC41D2E168}.Debug|x64.ActiveCfg = Debug|Any CPU
		{18A96BBA-D38A-42BA-8652-E8EC41D2E168}.Debug|x64.Build.0 = Debug|Any CPU
		{18A96BBA-D38A-42BA-8652-E8EC41D2E168}.Debug|x86.ActiveCfg = Debug|Any CPU
		{18A96BBA-D38A-42BA-8652-E8EC41D2E168}.Debug|x86.Build.0 = Debug|Any CPU
		{18A96BBA-D38A-42BA-8652-E8EC41D2E168}.Release|Any CPU.ActiveCfg = Release|Any CPU
		{18A96BBA-D38A-42BA-8652-E8EC41D2E168}.Release|Any CPU.Build.0 = Release|Any CPU
		{18A96BBA-D38A-42BA-8652-E8EC41D2E168}.Release|x64.ActiveCfg = Release|Any CPU
		{18A96BBA-D38A-42BA-8652-E8EC41D2E168}.Release|x64.Build.0 = Release|Any CPU
		{18A96BBA-D38A-42BA-8652-E8EC41D2E168}.Release|x86.ActiveCfg = Release|Any CPU
		{18A96BBA-D38A-42BA-8652-E8EC41D2E168}.Release|x86.Build.0 = Release|Any CPU
	EndGlobalSection
	GlobalSection(SolutionProperties) = preSolution
		HideSolutionNode = FALSE
	EndGlobalSection
	GlobalSection(ExtensibilityGlobals) = postSolution
		SolutionGuid = {DEA28C13-7522-45CD-8AB8-5DEFC4413F2F}
	EndGlobalSection
EndGlobal
